
Microsoft Visual Studio Solution File, Format Version 12.00
# Visual Studio Version 16
VisualStudioVersion = 16.0.34031.81
MinimumVisualStudioVersion = 10.0.40219.1
Project("{2150E333-8FDC-42A3-9474-1A3956D46DE8}") = "Task0", "Task0", "{321712DC-C05A-4C2B-8DD4-7AADABCF4137}"
EndProject
Project("{FAE04EC0-301F-11D3-BF4B-00C04F79EFBC}") = "Tyuiu.TretyakovDV.Sprint0.V0", "Tyuiu.TretyakovDV.Sprint0.V0\Tyuiu.TretyakovDV.Sprint0.V0.csproj", "{F6C4A7BC-E351-4B25-B878-6FC8CEEE547C}"
EndProject
Project("{2150E333-8FDC-42A3-9474-1A3956D46DE8}") = "Task1", "Task1", "{23F3E216-BB05-462A-8AAC-1BB7F2686EBD}"
EndProject
Project("{FAE04EC0-301F-11D3-BF4B-00C04F79EFBC}") = "Tyuiu.TretyakovDV.Sprint0.Task1.V0", "Tyuiu.TretyakovDV.Sprint0.Task1.V0\Tyuiu.TretyakovDV.Sprint0.Task1.V0.csproj", "{420F80EF-C49C-44A3-836F-835C757E8414}"
EndProject
Project("{2150E333-8FDC-42A3-9474-1A3956D46DE8}") = "Task2", "Task2", "{436F4F9D-2C53-43F3-9138-FF31FB06280A}"
EndProject
Project("{FAE04EC0-301F-11D3-BF4B-00C04F79EFBC}") = "Tyuiu.TretyakovDV.Sprint0.Task2.V0", "Tyuiu.TretyakovDV.Sprint0.Task2.V0\Tyuiu.TretyakovDV.Sprint0.Task2.V0.csproj", "{58DC0929-76A5-4625-83E8-DDF83BF9B05C}"
EndProject
Project("{FAE04EC0-301F-11D3-BF4B-00C04F79EFBC}") = "Tyuiu.TretyakovDV.Sprint0.Task2.V0.Lib", "Tyuiu.TretyakovDV.Sprint0.Task2.V0.Lib\Tyuiu.TretyakovDV.Sprint0.Task2.V0.Lib.csproj", "{384F30B4-B599-4E59-8C05-1C12CC2782CD}"
EndProject
Project("{FAE04EC0-301F-11D3-BF4B-00C04F79EFBC}") = "Tyuiu.TretyakovDV.Sprint0.Task2.V0.Test", "Tyuiu.TretyakovDV.Sprint0.Task2.V0.Test\Tyuiu.TretyakovDV.Sprint0.Task2.V0.Test.csproj", "{1656A3F1-1A90-434C-BA19-3BB99043F896}"
EndProject
Project("{2150E333-8FDC-42A3-9474-1A3956D46DE8}") = "Task3", "Task3", "{328FAFFA-5610-42DB-8020-881E472761E8}"
EndProject
Project("{FAE04EC0-301F-11D3-BF4B-00C04F79EFBC}") = "Tyuiu.TretyakovDV.Sprint0.Task3.V0.Test", "Tyuiu.TretyakovDV.Sprint0.Task3.V0.Test\Tyuiu.TretyakovDV.Sprint0.Task3.V0.Test.csproj", "{31A7664D-3A48-4BAF-9CB8-A49CE260C331}"
EndProject
Project("{FAE04EC0-301F-11D3-BF4B-00C04F79EFBC}") = "Tyuiu.TretyakovDV.Sprint0.Task3.V0.Lib", "Tyuiu.TretyakovDV.Sprint0.Task3.V0.Lib\Tyuiu.TretyakovDV.Sprint0.Task3.V0.Lib.csproj", "{211E529E-5BBB-4FCB-9A72-CBC0D228532B}"
EndProject
Project("{FAE04EC0-301F-11D3-BF4B-00C04F79EFBC}") = "Tyuiu.TretyakovDV.Sprint0.Task3.V0", "Tyuiu.TretyakovDV.Sprint0.Task3.V0\Tyuiu.TretyakovDV.Sprint0.Task3.V0.csproj", "{8F669B46-CDA2-4EF7-A51E-3BD1AC1F43A6}"
EndProject
Project("{2150E333-8FDC-42A3-9474-1A3956D46DE8}") = "Task4", "Task4", "{5EB37AA3-7DE1-4FC5-96E0-F05FD22A18A6}"
EndProject
Project("{2150E333-8FDC-42A3-9474-1A3956D46DE8}") = "Task5", "Task5", "{CE194EEF-CFCF-49E3-B09B-4817DA4BDA40}"
EndProject
Project("{2150E333-8FDC-42A3-9474-1A3956D46DE8}") = "Task6", "Task6", "{FD97C114-97C2-46FA-8B9B-CE78284300A5}"
EndProject
Project("{FAE04EC0-301F-11D3-BF4B-00C04F79EFBC}") = "Tyuiu.TretyakovDV.Sprint0.Task4.V0", "Tyuiu.TretyakovDV.Sprint0.Task4.V0\Tyuiu.TretyakovDV.Sprint0.Task4.V0.csproj", "{55FA663E-42D9-4FDC-89EE-AB26D53A8183}"
EndProject
Project("{FAE04EC0-301F-11D3-BF4B-00C04F79EFBC}") = "Tyuiu.TretyakovDV.Sprint0.Task4.V0.Lib", "Tyuiu.TretyakovDV.Sprint0.Task4.V0.Lib\Tyuiu.TretyakovDV.Sprint0.Task4.V0.Lib.csproj", "{0DDBFAB9-C71C-4E43-AE1E-34320F09C741}"
EndProject
Project("{FAE04EC0-301F-11D3-BF4B-00C04F79EFBC}") = "Tyuiu.TretyakovDV.Sprint0.Task4.V0.Test", "Tyuiu.TretyakovDV.Sprint0.Task4.V0.Test\Tyuiu.TretyakovDV.Sprint0.Task4.V0.Test.csproj", "{4EAD0D9E-80A1-4B24-B209-199E91CCAA3B}"
EndProject
Project("{FAE04EC0-301F-11D3-BF4B-00C04F79EFBC}") = "Tyuiu.TretyakovDV.Sprint0.Task5.V0.Test", "Tyuiu.TretyakovDV.Sprint0.Task5.V0.Test\Tyuiu.TretyakovDV.Sprint0.Task5.V0.Test.csproj", "{82805E47-F7C7-481E-BB9B-5F81C26BC88B}"
EndProject
Project("{FAE04EC0-301F-11D3-BF4B-00C04F79EFBC}") = "Tyuiu.TretyakovDV.Sprint0.Task5.V0.Lib", "Tyuiu.TretyakovDV.Sprint0.Task5.V0.Lib\Tyuiu.TretyakovDV.Sprint0.Task5.V0.Lib.csproj", "{E5659BDA-21FB-4B10-9527-6D8C449FD18F}"
EndProject
Project("{FAE04EC0-301F-11D3-BF4B-00C04F79EFBC}") = "Tyuiu.TretyakovDV.Sprint0.Task5.V0", "Tyuiu.TretyakovDV.Sprint0.Task5.V0\Tyuiu.TretyakovDV.Sprint0.Task5.V0.csproj", "{AFD2A991-E11C-431E-BF9E-66A61963E71B}"
EndProject
Project("{FAE04EC0-301F-11D3-BF4B-00C04F79EFBC}") = "Tyuiu.TretyakovDV.Sprint0.Task6.V0", "Tyuiu.TretyakovDV.Sprint0.Task6.V0\Tyuiu.TretyakovDV.Sprint0.Task6.V0.csproj", "{473BC606-B89A-45C2-9A71-627CC137E4CD}"
EndProject
Project("{FAE04EC0-301F-11D3-BF4B-00C04F79EFBC}") = "Tyuiu.TretyakovDV.Sprint0.Task6.V0.Lib", "Tyuiu.TretyakovDV.Sprint0.Task6.V0.Lib\Tyuiu.TretyakovDV.Sprint0.Task6.V0.Lib.csproj", "{5A43EB00-74A7-4695-AF76-EC1F3CDC69B0}"
EndProject
Project("{FAE04EC0-301F-11D3-BF4B-00C04F79EFBC}") = "Tyuiu.TretyakovDV.Sprint0.Task6.V0.Test", "Tyuiu.TretyakovDV.Sprint0.Task6.V0.Test\Tyuiu.TretyakovDV.Sprint0.Task6.V0.Test.csproj", "{052C9947-5239-442B-B3C3-B6EFCC71A94A}"
EndProject
Global
	GlobalSection(SolutionConfigurationPlatforms) = preSolution
		Debug|Any CPU = Debug|Any CPU
		Release|Any CPU = Release|Any CPU
	EndGlobalSection
	GlobalSection(ProjectConfigurationPlatforms) = postSolution
		{F6C4A7BC-E351-4B25-B878-6FC8CEEE547C}.Debug|Any CPU.ActiveCfg = Debug|Any CPU
		{F6C4A7BC-E351-4B25-B878-6FC8CEEE547C}.Debug|Any CPU.Build.0 = Debug|Any CPU
		{F6C4A7BC-E351-4B25-B878-6FC8CEEE547C}.Release|Any CPU.ActiveCfg = Release|Any CPU
		{F6C4A7BC-E351-4B25-B878-6FC8CEEE547C}.Release|Any CPU.Build.0 = Release|Any CPU
		{420F80EF-C49C-44A3-836F-835C757E8414}.Debug|Any CPU.ActiveCfg = Debug|Any CPU
		{420F80EF-C49C-44A3-836F-835C757E8414}.Debug|Any CPU.Build.0 = Debug|Any CPU
		{420F80EF-C49C-44A3-836F-835C757E8414}.Release|Any CPU.ActiveCfg = Release|Any CPU
		{420F80EF-C49C-44A3-836F-835C757E8414}.Release|Any CPU.Build.0 = Release|Any CPU
		{58DC0929-76A5-4625-83E8-DDF83BF9B05C}.Debug|Any CPU.ActiveCfg = Debug|Any CPU
		{58DC0929-76A5-4625-83E8-DDF83BF9B05C}.Debug|Any CPU.Build.0 = Debug|Any CPU
		{58DC0929-76A5-4625-83E8-DDF83BF9B05C}.Release|Any CPU.ActiveCfg = Release|Any CPU
		{58DC0929-76A5-4625-83E8-DDF83BF9B05C}.Release|Any CPU.Build.0 = Release|Any CPU
		{384F30B4-B599-4E59-8C05-1C12CC2782CD}.Debug|Any CPU.ActiveCfg = Debug|Any CPU
		{384F30B4-B599-4E59-8C05-1C12CC2782CD}.Debug|Any CPU.Build.0 = Debug|Any CPU
		{384F30B4-B599-4E59-8C05-1C12CC2782CD}.Release|Any CPU.ActiveCfg = Release|Any CPU
		{384F30B4-B599-4E59-8C05-1C12CC2782CD}.Release|Any CPU.Build.0 = Release|Any CPU
		{1656A3F1-1A90-434C-BA19-3BB99043F896}.Debug|Any CPU.ActiveCfg = Debug|Any CPU
		{1656A3F1-1A90-434C-BA19-3BB99043F896}.Debug|Any CPU.Build.0 = Debug|Any CPU
		{1656A3F1-1A90-434C-BA19-3BB99043F896}.Release|Any CPU.ActiveCfg = Release|Any CPU
		{1656A3F1-1A90-434C-BA19-3BB99043F896}.Release|Any CPU.Build.0 = Release|Any CPU
		{31A7664D-3A48-4BAF-9CB8-A49CE260C331}.Debug|Any CPU.ActiveCfg = Debug|Any CPU
		{31A7664D-3A48-4BAF-9CB8-A49CE260C331}.Debug|Any CPU.Build.0 = Debug|Any CPU
		{31A7664D-3A48-4BAF-9CB8-A49CE260C331}.Release|Any CPU.ActiveCfg = Release|Any CPU
		{31A7664D-3A48-4BAF-9CB8-A49CE260C331}.Release|Any CPU.Build.0 = Release|Any CPU
		{211E529E-5BBB-4FCB-9A72-CBC0D228532B}.Debug|Any CPU.ActiveCfg = Debug|Any CPU
		{211E529E-5BBB-4FCB-9A72-CBC0D228532B}.Debug|Any CPU.Build.0 = Debug|Any CPU
		{211E529E-5BBB-4FCB-9A72-CBC0D228532B}.Release|Any CPU.ActiveCfg = Release|Any CPU
		{211E529E-5BBB-4FCB-9A72-CBC0D228532B}.Release|Any CPU.Build.0 = Release|Any CPU
		{8F669B46-CDA2-4EF7-A51E-3BD1AC1F43A6}.Debug|Any CPU.ActiveCfg = Debug|Any CPU
		{8F669B46-CDA2-4EF7-A51E-3BD1AC1F43A6}.Debug|Any CPU.Build.0 = Debug|Any CPU
		{8F669B46-CDA2-4EF7-A51E-3BD1AC1F43A6}.Release|Any CPU.ActiveCfg = Release|Any CPU
		{8F669B46-CDA2-4EF7-A51E-3BD1AC1F43A6}.Release|Any CPU.Build.0 = Release|Any CPU
		{55FA663E-42D9-4FDC-89EE-AB26D53A8183}.Debug|Any CPU.ActiveCfg = Debug|Any CPU
		{55FA663E-42D9-4FDC-89EE-AB26D53A8183}.Debug|Any CPU.Build.0 = Debug|Any CPU
		{55FA663E-42D9-4FDC-89EE-AB26D53A8183}.Release|Any CPU.ActiveCfg = Release|Any CPU
		{55FA663E-42D9-4FDC-89EE-AB26D53A8183}.Release|Any CPU.Build.0 = Release|Any CPU
		{0DDBFAB9-C71C-4E43-AE1E-34320F09C741}.Debug|Any CPU.ActiveCfg = Debug|Any CPU
		{0DDBFAB9-C71C-4E43-AE1E-34320F09C741}.Debug|Any CPU.Build.0 = Debug|Any CPU
		{0DDBFAB9-C71C-4E43-AE1E-34320F09C741}.Release|Any CPU.ActiveCfg = Release|Any CPU
		{0DDBFAB9-C71C-4E43-AE1E-34320F09C741}.Release|Any CPU.Build.0 = Release|Any CPU
		{4EAD0D9E-80A1-4B24-B209-199E91CCAA3B}.Debug|Any CPU.ActiveCfg = Debug|Any CPU
		{4EAD0D9E-80A1-4B24-B209-199E91CCAA3B}.Debug|Any CPU.Build.0 = Debug|Any CPU
		{4EAD0D9E-80A1-4B24-B209-199E91CCAA3B}.Release|Any CPU.ActiveCfg = Release|Any CPU
		{4EAD0D9E-80A1-4B24-B209-199E91CCAA3B}.Release|Any CPU.Build.0 = Release|Any CPU
		{82805E47-F7C7-481E-BB9B-5F81C26BC88B}.Debug|Any CPU.ActiveCfg = Debug|Any CPU
		{82805E47-F7C7-481E-BB9B-5F81C26BC88B}.Debug|Any CPU.Build.0 = Debug|Any CPU
		{82805E47-F7C7-481E-BB9B-5F81C26BC88B}.Release|Any CPU.ActiveCfg = Release|Any CPU
		{82805E47-F7C7-481E-BB9B-5F81C26BC88B}.Release|Any CPU.Build.0 = Release|Any CPU
		{E5659BDA-21FB-4B10-9527-6D8C449FD18F}.Debug|Any CPU.ActiveCfg = Debug|Any CPU
		{E5659BDA-21FB-4B10-9527-6D8C449FD18F}.Debug|Any CPU.Build.0 = Debug|Any CPU
		{E5659BDA-21FB-4B10-9527-6D8C449FD18F}.Release|Any CPU.ActiveCfg = Release|Any CPU
		{E5659BDA-21FB-4B10-9527-6D8C449FD18F}.Release|Any CPU.Build.0 = Release|Any CPU
		{AFD2A991-E11C-431E-BF9E-66A61963E71B}.Debug|Any CPU.ActiveCfg = Debug|Any CPU
		{AFD2A991-E11C-431E-BF9E-66A61963E71B}.Debug|Any CPU.Build.0 = Debug|Any CPU
		{AFD2A991-E11C-431E-BF9E-66A61963E71B}.Release|Any CPU.ActiveCfg = Release|Any CPU
		{AFD2A991-E11C-431E-BF9E-66A61963E71B}.Release|Any CPU.Build.0 = Release|Any CPU
		{473BC606-B89A-45C2-9A71-627CC137E4CD}.Debug|Any CPU.ActiveCfg = Debug|Any CPU
		{473BC606-B89A-45C2-9A71-627CC137E4CD}.Debug|Any CPU.Build.0 = Debug|Any CPU
		{473BC606-B89A-45C2-9A71-627CC137E4CD}.Release|Any CPU.ActiveCfg = Release|Any CPU
		{473BC606-B89A-45C2-9A71-627CC137E4CD}.Release|Any CPU.Build.0 = Release|Any CPU
		{5A43EB00-74A7-4695-AF76-EC1F3CDC69B0}.Debug|Any CPU.ActiveCfg = Debug|Any CPU
		{5A43EB00-74A7-4695-AF76-EC1F3CDC69B0}.Debug|Any CPU.Build.0 = Debug|Any CPU
		{5A43EB00-74A7-4695-AF76-EC1F3CDC69B0}.Release|Any CPU.ActiveCfg = Release|Any CPU
		{5A43EB00-74A7-4695-AF76-EC1F3CDC69B0}.Release|Any CPU.Build.0 = Release|Any CPU
		{052C9947-5239-442B-B3C3-B6EFCC71A94A}.Debug|Any CPU.ActiveCfg = Debug|Any CPU
		{052C9947-5239-442B-B3C3-B6EFCC71A94A}.Debug|Any CPU.Build.0 = Debug|Any CPU
		{052C9947-5239-442B-B3C3-B6EFCC71A94A}.Release|Any CPU.ActiveCfg = Release|Any CPU
		{052C9947-5239-442B-B3C3-B6EFCC71A94A}.Release|Any CPU.Build.0 = Release|Any CPU
	EndGlobalSection
	GlobalSection(SolutionProperties) = preSolution
		HideSolutionNode = FALSE
	EndGlobalSection
	GlobalSection(NestedProjects) = preSolution
		{F6C4A7BC-E351-4B25-B878-6FC8CEEE547C} = {321712DC-C05A-4C2B-8DD4-7AADABCF4137}
		{420F80EF-C49C-44A3-836F-835C757E8414} = {23F3E216-BB05-462A-8AAC-1BB7F2686EBD}
		{58DC0929-76A5-4625-83E8-DDF83BF9B05C} = {436F4F9D-2C53-43F3-9138-FF31FB06280A}
		{384F30B4-B599-4E59-8C05-1C12CC2782CD} = {436F4F9D-2C53-43F3-9138-FF31FB06280A}
		{1656A3F1-1A90-434C-BA19-3BB99043F896} = {436F4F9D-2C53-43F3-9138-FF31FB06280A}
		{31A7664D-3A48-4BAF-9CB8-A49CE260C331} = {328FAFFA-5610-42DB-8020-881E472761E8}
		{211E529E-5BBB-4FCB-9A72-CBC0D228532B} = {328FAFFA-5610-42DB-8020-881E472761E8}
		{8F669B46-CDA2-4EF7-A51E-3BD1AC1F43A6} = {328FAFFA-5610-42DB-8020-881E472761E8}
		{55FA663E-42D9-4FDC-89EE-AB26D53A8183} = {5EB37AA3-7DE1-4FC5-96E0-F05FD22A18A6}
		{0DDBFAB9-C71C-4E43-AE1E-34320F09C741} = {5EB37AA3-7DE1-4FC5-96E0-F05FD22A18A6}
		{4EAD0D9E-80A1-4B24-B209-199E91CCAA3B} = {5EB37AA3-7DE1-4FC5-96E0-F05FD22A18A6}
		{82805E47-F7C7-481E-BB9B-5F81C26BC88B} = {CE194EEF-CFCF-49E3-B09B-4817DA4BDA40}
		{E5659BDA-21FB-4B10-9527-6D8C449FD18F} = {CE194EEF-CFCF-49E3-B09B-4817DA4BDA40}
		{AFD2A991-E11C-431E-BF9E-66A61963E71B} = {CE194EEF-CFCF-49E3-B09B-4817DA4BDA40}
		{473BC606-B89A-45C2-9A71-627CC137E4CD} = {FD97C114-97C2-46FA-8B9B-CE78284300A5}
		{5A43EB00-74A7-4695-AF76-EC1F3CDC69B0} = {FD97C114-97C2-46FA-8B9B-CE78284300A5}
		{052C9947-5239-442B-B3C3-B6EFCC71A94A} = {FD97C114-97C2-46FA-8B9B-CE78284300A5}
	EndGlobalSection
	GlobalSection(ExtensibilityGlobals) = postSolution
		SolutionGuid = {9AE2B65D-4354-46D1-A02F-82228AD2A143}
	EndGlobalSection
EndGlobal
